
Microsoft Visual Studio Solution File, Format Version 12.00
# Visual Studio 15
VisualStudioVersion = 15.0.28307.572
MinimumVisualStudioVersion = 10.0.40219.1
Project("{FAE04EC0-301F-11D3-BF4B-00C04F79EFBC}") = "Data", "Data\Data.csproj", "{9169B421-4E5D-413E-812E-C0C8E6601247}"
EndProject
Project("{FAE04EC0-301F-11D3-BF4B-00C04F79EFBC}") = "Api", "Api\Api.csproj", "{6C78A15F-B46D-49F9-B283-5698079A8722}"
EndProject
Global
	GlobalSection(SolutionConfigurationPlatforms) = preSolution
		Debug|Any CPU = Debug|Any CPU
		Release|Any CPU = Release|Any CPU
	EndGlobalSection
	GlobalSection(ProjectConfigurationPlatforms) = postSolution
		{9169B421-4E5D-413E-812E-C0C8E6601247}.Debug|Any CPU.ActiveCfg = Debug|Any CPU
		{9169B421-4E5D-413E-812E-C0C8E6601247}.Debug|Any CPU.Build.0 = Debug|Any CPU
		{9169B421-4E5D-413E-812E-C0C8E6601247}.Release|Any CPU.ActiveCfg = Release|Any CPU
		{9169B421-4E5D-413E-812E-C0C8E6601247}.Release|Any CPU.Build.0 = Release|Any CPU
		{6C78A15F-B46D-49F9-B283-5698079A8722}.Debug|Any CPU.ActiveCfg = Debug|Any CPU
		{6C78A15F-B46D-49F9-B283-5698079A8722}.Debug|Any CPU.Build.0 = Debug|Any CPU
		{6C78A15F-B46D-49F9-B283-5698079A8722}.Release|Any CPU.ActiveCfg = Release|Any CPU
		{6C78A15F-B46D-49F9-B283-5698079A8722}.Release|Any CPU.Build.0 = Release|Any CPU
	EndGlobalSection
	GlobalSection(SolutionProperties) = preSolution
		HideSolutionNode = FALSE
	EndGlobalSection
	GlobalSection(ExtensibilityGlobals) = postSolution
		SolutionGuid = {4ABC0A3D-1CAB-4DFB-951D-D2D83BB868E0}
	EndGlobalSection
EndGlobal
